// !$*UTF8*$!
{
	archiveVersion = 1;
	classes = {
	};
	objectVersion = 56;
	objects = {

/* Begin PBXBuildFile section */
		380254152B6867D800356240 /* GalleriesTableViewControllerTests.swift in Sources */ = {isa = PBXBuildFile; fileRef = 380254142B6867D800356240 /* GalleriesTableViewControllerTests.swift */; };
		380254172B686E0000356240 /* FakeUserDefaults.swift in Sources */ = {isa = PBXBuildFile; fileRef = 380254162B686E0000356240 /* FakeUserDefaults.swift */; };
		38088C852AB0869100558570 /* AppDelegate.swift in Sources */ = {isa = PBXBuildFile; fileRef = 38088C842AB0869100558570 /* AppDelegate.swift */; };
		38088C872AB0869100558570 /* SceneDelegate.swift in Sources */ = {isa = PBXBuildFile; fileRef = 38088C862AB0869100558570 /* SceneDelegate.swift */; };
		38088C8C2AB0869100558570 /* Main.storyboard in Resources */ = {isa = PBXBuildFile; fileRef = 38088C8A2AB0869100558570 /* Main.storyboard */; };
		38088C8E2AB0869200558570 /* Assets.xcassets in Resources */ = {isa = PBXBuildFile; fileRef = 38088C8D2AB0869200558570 /* Assets.xcassets */; };
		38088C912AB0869200558570 /* LaunchScreen.storyboard in Resources */ = {isa = PBXBuildFile; fileRef = 38088C8F2AB0869200558570 /* LaunchScreen.storyboard */; };
		38088C9A2AB0875D00558570 /* ImageGalleryCollectionViewController.swift in Sources */ = {isa = PBXBuildFile; fileRef = 38088C992AB0875D00558570 /* ImageGalleryCollectionViewController.swift */; };
		38088C9E2AB08A8C00558570 /* ImageCollectionViewCell.swift in Sources */ = {isa = PBXBuildFile; fileRef = 38088C9D2AB08A8C00558570 /* ImageCollectionViewCell.swift */; };
		38088CA02AB090C600558570 /* ImageGallery.swift in Sources */ = {isa = PBXBuildFile; fileRef = 38088C9F2AB090C600558570 /* ImageGallery.swift */; };
		38088CA22AB0A9A800558570 /* ImageViewController.swift in Sources */ = {isa = PBXBuildFile; fileRef = 38088CA12AB0A9A800558570 /* ImageViewController.swift */; };
		383AEB5D2AB3368700AA45D0 /* GallaryTableViewCell.swift in Sources */ = {isa = PBXBuildFile; fileRef = 383AEB5C2AB3368700AA45D0 /* GallaryTableViewCell.swift */; };
		383AEB5F2AB33D0600AA45D0 /* GalleriesTableViewController.swift in Sources */ = {isa = PBXBuildFile; fileRef = 383AEB5E2AB33D0600AA45D0 /* GalleriesTableViewController.swift */; };
		3869A6A02AB1E1CB005E0BEB /* Extension+URL.swift in Sources */ = {isa = PBXBuildFile; fileRef = 3869A69F2AB1E1CB005E0BEB /* Extension+URL.swift */; };
		389858AF2ABDA35B00372CD9 /* GarbageView.swift in Sources */ = {isa = PBXBuildFile; fileRef = 389858AE2ABDA35B00372CD9 /* GarbageView.swift */; };
/* End PBXBuildFile section */

/* Begin PBXContainerItemProxy section */
		3802540F2B68674100356240 /* PBXContainerItemProxy */ = {
			isa = PBXContainerItemProxy;
			containerPortal = 38088C792AB0869000558570 /* Project object */;
			proxyType = 1;
			remoteGlobalIDString = 38088C802AB0869000558570;
			remoteInfo = ImageGallery;
		};
/* End PBXContainerItemProxy section */

/* Begin PBXFileReference section */
		3802540B2B68674100356240 /* ImageGalleryTests.xctest */ = {isa = PBXFileReference; explicitFileType = wrapper.cfbundle; includeInIndex = 0; path = ImageGalleryTests.xctest; sourceTree = BUILT_PRODUCTS_DIR; };
		380254142B6867D800356240 /* GalleriesTableViewControllerTests.swift */ = {isa = PBXFileReference; lastKnownFileType = sourcecode.swift; path = GalleriesTableViewControllerTests.swift; sourceTree = "<group>"; };
		380254162B686E0000356240 /* FakeUserDefaults.swift */ = {isa = PBXFileReference; lastKnownFileType = sourcecode.swift; path = FakeUserDefaults.swift; sourceTree = "<group>"; };
		38088C812AB0869100558570 /* ImageGallery.app */ = {isa = PBXFileReference; explicitFileType = wrapper.application; includeInIndex = 0; path = ImageGallery.app; sourceTree = BUILT_PRODUCTS_DIR; };
		38088C842AB0869100558570 /* AppDelegate.swift */ = {isa = PBXFileReference; lastKnownFileType = sourcecode.swift; path = AppDelegate.swift; sourceTree = "<group>"; };
		38088C862AB0869100558570 /* SceneDelegate.swift */ = {isa = PBXFileReference; lastKnownFileType = sourcecode.swift; path = SceneDelegate.swift; sourceTree = "<group>"; };
		38088C8B2AB0869100558570 /* Base */ = {isa = PBXFileReference; lastKnownFileType = file.storyboard; name = Base; path = Base.lproj/Main.storyboard; sourceTree = "<group>"; };
		38088C8D2AB0869200558570 /* Assets.xcassets */ = {isa = PBXFileReference; lastKnownFileType = folder.assetcatalog; path = Assets.xcassets; sourceTree = "<group>"; };
		38088C902AB0869200558570 /* Base */ = {isa = PBXFileReference; lastKnownFileType = file.storyboard; name = Base; path = Base.lproj/LaunchScreen.storyboard; sourceTree = "<group>"; };
		38088C922AB0869200558570 /* Info.plist */ = {isa = PBXFileReference; lastKnownFileType = text.plist.xml; path = Info.plist; sourceTree = "<group>"; };
		38088C992AB0875D00558570 /* ImageGalleryCollectionViewController.swift */ = {isa = PBXFileReference; lastKnownFileType = sourcecode.swift; path = ImageGalleryCollectionViewController.swift; sourceTree = "<group>"; };
		38088C9D2AB08A8C00558570 /* ImageCollectionViewCell.swift */ = {isa = PBXFileReference; lastKnownFileType = sourcecode.swift; path = ImageCollectionViewCell.swift; sourceTree = "<group>"; };
		38088C9F2AB090C600558570 /* ImageGallery.swift */ = {isa = PBXFileReference; lastKnownFileType = sourcecode.swift; path = ImageGallery.swift; sourceTree = "<group>"; };
		38088CA12AB0A9A800558570 /* ImageViewController.swift */ = {isa = PBXFileReference; lastKnownFileType = sourcecode.swift; path = ImageViewController.swift; sourceTree = "<group>"; };
		383AEB5C2AB3368700AA45D0 /* GallaryTableViewCell.swift */ = {isa = PBXFileReference; lastKnownFileType = sourcecode.swift; path = GallaryTableViewCell.swift; sourceTree = "<group>"; };
		383AEB5E2AB33D0600AA45D0 /* GalleriesTableViewController.swift */ = {isa = PBXFileReference; lastKnownFileType = sourcecode.swift; path = GalleriesTableViewController.swift; sourceTree = "<group>"; };
		3869A69F2AB1E1CB005E0BEB /* Extension+URL.swift */ = {isa = PBXFileReference; lastKnownFileType = sourcecode.swift; path = "Extension+URL.swift"; sourceTree = "<group>"; };
		389858AE2ABDA35B00372CD9 /* GarbageView.swift */ = {isa = PBXFileReference; lastKnownFileType = sourcecode.swift; path = GarbageView.swift; sourceTree = "<group>"; };
/* End PBXFileReference section */

/* Begin PBXFrameworksBuildPhase section */
		380254082B68674100356240 /* Frameworks */ = {
			isa = PBXFrameworksBuildPhase;
			buildActionMask = 2147483647;
			files = (
			);
			runOnlyForDeploymentPostprocessing = 0;
		};
		38088C7E2AB0869000558570 /* Frameworks */ = {
			isa = PBXFrameworksBuildPhase;
			buildActionMask = 2147483647;
			files = (
			);
			runOnlyForDeploymentPostprocessing = 0;
		};
/* End PBXFrameworksBuildPhase section */

/* Begin PBXGroup section */
		3802540C2B68674100356240 /* ImageGalleryTests */ = {
			isa = PBXGroup;
			children = (
				380254142B6867D800356240 /* GalleriesTableViewControllerTests.swift */,
				380254162B686E0000356240 /* FakeUserDefaults.swift */,
			);
			path = ImageGalleryTests;
			sourceTree = "<group>";
		};
		38088C782AB0869000558570 = {
			isa = PBXGroup;
			children = (
				38088C832AB0869100558570 /* ImageGallery */,
				3802540C2B68674100356240 /* ImageGalleryTests */,
				38088C822AB0869100558570 /* Products */,
			);
			sourceTree = "<group>";
		};
		38088C822AB0869100558570 /* Products */ = {
			isa = PBXGroup;
			children = (
				38088C812AB0869100558570 /* ImageGallery.app */,
				3802540B2B68674100356240 /* ImageGalleryTests.xctest */,
			);
			name = Products;
			sourceTree = "<group>";
		};
		38088C832AB0869100558570 /* ImageGallery */ = {
			isa = PBXGroup;
			children = (
				38088C982AB086BE00558570 /* SupportingFiles */,
				38088C8A2AB0869100558570 /* Main.storyboard */,
				389858AE2ABDA35B00372CD9 /* GarbageView.swift */,
				383AEB5C2AB3368700AA45D0 /* GallaryTableViewCell.swift */,
				383AEB5E2AB33D0600AA45D0 /* GalleriesTableViewController.swift */,
				38088C992AB0875D00558570 /* ImageGalleryCollectionViewController.swift */,
				3869A69F2AB1E1CB005E0BEB /* Extension+URL.swift */,
				38088CA12AB0A9A800558570 /* ImageViewController.swift */,
				38088C9D2AB08A8C00558570 /* ImageCollectionViewCell.swift */,
				38088C9F2AB090C600558570 /* ImageGallery.swift */,
				38088C922AB0869200558570 /* Info.plist */,
			);
			path = ImageGallery;
			sourceTree = "<group>";
		};
		38088C982AB086BE00558570 /* SupportingFiles */ = {
			isa = PBXGroup;
			children = (
				38088C842AB0869100558570 /* AppDelegate.swift */,
				38088C862AB0869100558570 /* SceneDelegate.swift */,
				38088C8D2AB0869200558570 /* Assets.xcassets */,
				38088C8F2AB0869200558570 /* LaunchScreen.storyboard */,
			);
			path = SupportingFiles;
			sourceTree = "<group>";
		};
/* End PBXGroup section */

/* Begin PBXNativeTarget section */
		3802540A2B68674100356240 /* ImageGalleryTests */ = {
			isa = PBXNativeTarget;
			buildConfigurationList = 380254132B68674100356240 /* Build configuration list for PBXNativeTarget "ImageGalleryTests" */;
			buildPhases = (
				380254072B68674100356240 /* Sources */,
				380254082B68674100356240 /* Frameworks */,
				380254092B68674100356240 /* Resources */,
			);
			buildRules = (
			);
			dependencies = (
				380254102B68674100356240 /* PBXTargetDependency */,
			);
			name = ImageGalleryTests;
			productName = ImageGalleryTests;
			productReference = 3802540B2B68674100356240 /* ImageGalleryTests.xctest */;
			productType = "com.apple.product-type.bundle.unit-test";
		};
		38088C802AB0869000558570 /* ImageGallery */ = {
			isa = PBXNativeTarget;
			buildConfigurationList = 38088C952AB0869200558570 /* Build configuration list for PBXNativeTarget "ImageGallery" */;
			buildPhases = (
				38088C7D2AB0869000558570 /* Sources */,
				38088C7E2AB0869000558570 /* Frameworks */,
				38088C7F2AB0869000558570 /* Resources */,
			);
			buildRules = (
			);
			dependencies = (
			);
			name = ImageGallery;
			productName = ImageGallery;
			productReference = 38088C812AB0869100558570 /* ImageGallery.app */;
			productType = "com.apple.product-type.application";
		};
/* End PBXNativeTarget section */

/* Begin PBXProject section */
		38088C792AB0869000558570 /* Project object */ = {
			isa = PBXProject;
			attributes = {
				BuildIndependentTargetsInParallel = 1;
				LastSwiftUpdateCheck = 1520;
				LastUpgradeCheck = 1520;
				TargetAttributes = {
					3802540A2B68674100356240 = {
						CreatedOnToolsVersion = 15.2;
						LastSwiftMigration = 1520;
						TestTargetID = 38088C802AB0869000558570;
					};
					38088C802AB0869000558570 = {
						CreatedOnToolsVersion = 14.3.1;
					};
				};
			};
			buildConfigurationList = 38088C7C2AB0869000558570 /* Build configuration list for PBXProject "ImageGallery" */;
			compatibilityVersion = "Xcode 14.0";
			developmentRegion = en;
			hasScannedForEncodings = 0;
			knownRegions = (
				en,
				Base,
			);
			mainGroup = 38088C782AB0869000558570;
			productRefGroup = 38088C822AB0869100558570 /* Products */;
			projectDirPath = "";
			projectRoot = "";
			targets = (
				38088C802AB0869000558570 /* ImageGallery */,
				3802540A2B68674100356240 /* ImageGalleryTests */,
			);
		};
/* End PBXProject section */

/* Begin PBXResourcesBuildPhase section */
		380254092B68674100356240 /* Resources */ = {
			isa = PBXResourcesBuildPhase;
			buildActionMask = 2147483647;
			files = (
			);
			runOnlyForDeploymentPostprocessing = 0;
		};
		38088C7F2AB0869000558570 /* Resources */ = {
			isa = PBXResourcesBuildPhase;
			buildActionMask = 2147483647;
			files = (
				38088C912AB0869200558570 /* LaunchScreen.storyboard in Resources */,
				38088C8E2AB0869200558570 /* Assets.xcassets in Resources */,
				38088C8C2AB0869100558570 /* Main.storyboard in Resources */,
			);
			runOnlyForDeploymentPostprocessing = 0;
		};
/* End PBXResourcesBuildPhase section */

/* Begin PBXSourcesBuildPhase section */
		380254072B68674100356240 /* Sources */ = {
			isa = PBXSourcesBuildPhase;
			buildActionMask = 2147483647;
			files = (
				380254152B6867D800356240 /* GalleriesTableViewControllerTests.swift in Sources */,
				380254172B686E0000356240 /* FakeUserDefaults.swift in Sources */,
			);
			runOnlyForDeploymentPostprocessing = 0;
		};
		38088C7D2AB0869000558570 /* Sources */ = {
			isa = PBXSourcesBuildPhase;
			buildActionMask = 2147483647;
			files = (
				3869A6A02AB1E1CB005E0BEB /* Extension+URL.swift in Sources */,
				38088C9A2AB0875D00558570 /* ImageGalleryCollectionViewController.swift in Sources */,
				389858AF2ABDA35B00372CD9 /* GarbageView.swift in Sources */,
				38088CA02AB090C600558570 /* ImageGallery.swift in Sources */,
				38088C852AB0869100558570 /* AppDelegate.swift in Sources */,
				383AEB5D2AB3368700AA45D0 /* GallaryTableViewCell.swift in Sources */,
				38088C9E2AB08A8C00558570 /* ImageCollectionViewCell.swift in Sources */,
				38088CA22AB0A9A800558570 /* ImageViewController.swift in Sources */,
				38088C872AB0869100558570 /* SceneDelegate.swift in Sources */,
				383AEB5F2AB33D0600AA45D0 /* GalleriesTableViewController.swift in Sources */,
			);
			runOnlyForDeploymentPostprocessing = 0;
		};
/* End PBXSourcesBuildPhase section */

/* Begin PBXTargetDependency section */
		380254102B68674100356240 /* PBXTargetDependency */ = {
			isa = PBXTargetDependency;
			target = 38088C802AB0869000558570 /* ImageGallery */;
			targetProxy = 3802540F2B68674100356240 /* PBXContainerItemProxy */;
		};
/* End PBXTargetDependency section */

/* Begin PBXVariantGroup section */
		38088C8A2AB0869100558570 /* Main.storyboard */ = {
			isa = PBXVariantGroup;
			children = (
				38088C8B2AB0869100558570 /* Base */,
			);
			name = Main.storyboard;
			sourceTree = "<group>";
		};
		38088C8F2AB0869200558570 /* LaunchScreen.storyboard */ = {
			isa = PBXVariantGroup;
			children = (
				38088C902AB0869200558570 /* Base */,
			);
			name = LaunchScreen.storyboard;
			sourceTree = "<group>";
		};
/* End PBXVariantGroup section */

/* Begin XCBuildConfiguration section */
		380254112B68674100356240 /* Debug */ = {
			isa = XCBuildConfiguration;
			buildSettings = {
				ASSETCATALOG_COMPILER_GENERATE_SWIFT_ASSET_SYMBOL_EXTENSIONS = YES;
				BUNDLE_LOADER = "$(TEST_HOST)";
				CLANG_ENABLE_MODULES = YES;
				CODE_SIGN_STYLE = Automatic;
				CURRENT_PROJECT_VERSION = 1;
				ENABLE_USER_SCRIPT_SANDBOXING = YES;
				GCC_C_LANGUAGE_STANDARD = gnu17;
				GENERATE_INFOPLIST_FILE = YES;
				IPHONEOS_DEPLOYMENT_TARGET = 17.2;
				LOCALIZATION_PREFERS_STRING_CATALOGS = YES;
				MARKETING_VERSION = 1.0;
				PRODUCT_BUNDLE_IDENTIFIER = Vosik.ImageGalleryTests;
				PRODUCT_NAME = "$(TARGET_NAME)";
				SWIFT_ACTIVE_COMPILATION_CONDITIONS = "DEBUG $(inherited)";
				SWIFT_EMIT_LOC_STRINGS = NO;
				SWIFT_OPTIMIZATION_LEVEL = "-Onone";
				SWIFT_VERSION = 5.0;
				TARGETED_DEVICE_FAMILY = "1,2";
				TEST_HOST = "$(BUILT_PRODUCTS_DIR)/ImageGallery.app/$(BUNDLE_EXECUTABLE_FOLDER_PATH)/ImageGallery";
			};
			name = Debug;
		};
		380254122B68674100356240 /* Release */ = {
			isa = XCBuildConfiguration;
			buildSettings = {
				ASSETCATALOG_COMPILER_GENERATE_SWIFT_ASSET_SYMBOL_EXTENSIONS = YES;
				BUNDLE_LOADER = "$(TEST_HOST)";
				CLANG_ENABLE_MODULES = YES;
				CODE_SIGN_STYLE = Automatic;
				CURRENT_PROJECT_VERSION = 1;
				ENABLE_USER_SCRIPT_SANDBOXING = YES;
				GCC_C_LANGUAGE_STANDARD = gnu17;
				GENERATE_INFOPLIST_FILE = YES;
				IPHONEOS_DEPLOYMENT_TARGET = 17.2;
				LOCALIZATION_PREFERS_STRING_CATALOGS = YES;
				MARKETING_VERSION = 1.0;
				PRODUCT_BUNDLE_IDENTIFIER = Vosik.ImageGalleryTests;
				PRODUCT_NAME = "$(TARGET_NAME)";
				SWIFT_EMIT_LOC_STRINGS = NO;
				SWIFT_VERSION = 5.0;
				TARGETED_DEVICE_FAMILY = "1,2";
				TEST_HOST = "$(BUILT_PRODUCTS_DIR)/ImageGallery.app/$(BUNDLE_EXECUTABLE_FOLDER_PATH)/ImageGallery";
			};
			name = Release;
		};
		38088C932AB0869200558570 /* Debug */ = {
			isa = XCBuildConfiguration;
			buildSettings = {
				ALWAYS_SEARCH_USER_PATHS = NO;
				ASSETCATALOG_COMPILER_GENERATE_SWIFT_ASSET_SYMBOL_EXTENSIONS = YES;
				CLANG_ANALYZER_NONNULL = YES;
				CLANG_ANALYZER_NUMBER_OBJECT_CONVERSION = YES_AGGRESSIVE;
				CLANG_CXX_LANGUAGE_STANDARD = "gnu++20";
				CLANG_ENABLE_MODULES = YES;
				CLANG_ENABLE_OBJC_ARC = YES;
				CLANG_ENABLE_OBJC_WEAK = YES;
				CLANG_WARN_BLOCK_CAPTURE_AUTORELEASING = YES;
				CLANG_WARN_BOOL_CONVERSION = YES;
				CLANG_WARN_COMMA = YES;
				CLANG_WARN_CONSTANT_CONVERSION = YES;
				CLANG_WARN_DEPRECATED_OBJC_IMPLEMENTATIONS = YES;
				CLANG_WARN_DIRECT_OBJC_ISA_USAGE = YES_ERROR;
				CLANG_WARN_DOCUMENTATION_COMMENTS = YES;
				CLANG_WARN_EMPTY_BODY = YES;
				CLANG_WARN_ENUM_CONVERSION = YES;
				CLANG_WARN_INFINITE_RECURSION = YES;
				CLANG_WARN_INT_CONVERSION = YES;
				CLANG_WARN_NON_LITERAL_NULL_CONVERSION = YES;
				CLANG_WARN_OBJC_IMPLICIT_RETAIN_SELF = YES;
				CLANG_WARN_OBJC_LITERAL_CONVERSION = YES;
				CLANG_WARN_OBJC_ROOT_CLASS = YES_ERROR;
				CLANG_WARN_QUOTED_INCLUDE_IN_FRAMEWORK_HEADER = YES;
				CLANG_WARN_RANGE_LOOP_ANALYSIS = YES;
				CLANG_WARN_STRICT_PROTOTYPES = YES;
				CLANG_WARN_SUSPICIOUS_MOVE = YES;
				CLANG_WARN_UNGUARDED_AVAILABILITY = YES_AGGRESSIVE;
				CLANG_WARN_UNREACHABLE_CODE = YES;
				CLANG_WARN__DUPLICATE_METHOD_MATCH = YES;
				COPY_PHASE_STRIP = NO;
				DEBUG_INFORMATION_FORMAT = dwarf;
				ENABLE_STRICT_OBJC_MSGSEND = YES;
				ENABLE_TESTABILITY = YES;
				GCC_C_LANGUAGE_STANDARD = gnu11;
				GCC_DYNAMIC_NO_PIC = NO;
				GCC_NO_COMMON_BLOCKS = YES;
				GCC_OPTIMIZATION_LEVEL = 0;
				GCC_PREPROCESSOR_DEFINITIONS = (
					"DEBUG=1",
					"$(inherited)",
				);
				GCC_WARN_64_TO_32_BIT_CONVERSION = YES;
				GCC_WARN_ABOUT_RETURN_TYPE = YES_ERROR;
				GCC_WARN_UNDECLARED_SELECTOR = YES;
				GCC_WARN_UNINITIALIZED_AUTOS = YES_AGGRESSIVE;
				GCC_WARN_UNUSED_FUNCTION = YES;
				GCC_WARN_UNUSED_VARIABLE = YES;
				IPHONEOS_DEPLOYMENT_TARGET = 16.4;
				MTL_ENABLE_DEBUG_INFO = INCLUDE_SOURCE;
				MTL_FAST_MATH = YES;
				ONLY_ACTIVE_ARCH = YES;
				SDKROOT = iphoneos;
				SWIFT_ACTIVE_COMPILATION_CONDITIONS = DEBUG;
				SWIFT_OPTIMIZATION_LEVEL = "-Onone";
			};
			name = Debug;
		};
		38088C942AB0869200558570 /* Release */ = {
			isa = XCBuildConfiguration;
			buildSettings = {
				ALWAYS_SEARCH_USER_PATHS = NO;
				ASSETCATALOG_COMPILER_GENERATE_SWIFT_ASSET_SYMBOL_EXTENSIONS = YES;
				CLANG_ANALYZER_NONNULL = YES;
				CLANG_ANALYZER_NUMBER_OBJECT_CONVERSION = YES_AGGRESSIVE;
				CLANG_CXX_LANGUAGE_STANDARD = "gnu++20";
				CLANG_ENABLE_MODULES = YES;
				CLANG_ENABLE_OBJC_ARC = YES;
				CLANG_ENABLE_OBJC_WEAK = YES;
				CLANG_WARN_BLOCK_CAPTURE_AUTORELEASING = YES;
				CLANG_WARN_BOOL_CONVERSION = YES;
				CLANG_WARN_COMMA = YES;
				CLANG_WARN_CONSTANT_CONVERSION = YES;
				CLANG_WARN_DEPRECATED_OBJC_IMPLEMENTATIONS = YES;
				CLANG_WARN_DIRECT_OBJC_ISA_USAGE = YES_ERROR;
				CLANG_WARN_DOCUMENTATION_COMMENTS = YES;
				CLANG_WARN_EMPTY_BODY = YES;
				CLANG_WARN_ENUM_CONVERSION = YES;
				CLANG_WARN_INFINITE_RECURSION = YES;
				CLANG_WARN_INT_CONVERSION = YES;
				CLANG_WARN_NON_LITERAL_NULL_CONVERSION = YES;
				CLANG_WARN_OBJC_IMPLICIT_RETAIN_SELF = YES;
				CLANG_WARN_OBJC_LITERAL_CONVERSION = YES;
				CLANG_WARN_OBJC_ROOT_CLASS = YES_ERROR;
				CLANG_WARN_QUOTED_INCLUDE_IN_FRAMEWORK_HEADER = YES;
				CLANG_WARN_RANGE_LOOP_ANALYSIS = YES;
				CLANG_WARN_STRICT_PROTOTYPES = YES;
				CLANG_WARN_SUSPICIOUS_MOVE = YES;
				CLANG_WARN_UNGUARDED_AVAILABILITY = YES_AGGRESSIVE;
				CLANG_WARN_UNREACHABLE_CODE = YES;
				CLANG_WARN__DUPLICATE_METHOD_MATCH = YES;
				COPY_PHASE_STRIP = NO;
				DEBUG_INFORMATION_FORMAT = "dwarf-with-dsym";
				ENABLE_NS_ASSERTIONS = NO;
				ENABLE_STRICT_OBJC_MSGSEND = YES;
				GCC_C_LANGUAGE_STANDARD = gnu11;
				GCC_NO_COMMON_BLOCKS = YES;
				GCC_WARN_64_TO_32_BIT_CONVERSION = YES;
				GCC_WARN_ABOUT_RETURN_TYPE = YES_ERROR;
				GCC_WARN_UNDECLARED_SELECTOR = YES;
				GCC_WARN_UNINITIALIZED_AUTOS = YES_AGGRESSIVE;
				GCC_WARN_UNUSED_FUNCTION = YES;
				GCC_WARN_UNUSED_VARIABLE = YES;
				IPHONEOS_DEPLOYMENT_TARGET = 16.4;
				MTL_ENABLE_DEBUG_INFO = NO;
				MTL_FAST_MATH = YES;
				SDKROOT = iphoneos;
				SWIFT_COMPILATION_MODE = wholemodule;
				SWIFT_OPTIMIZATION_LEVEL = "-O";
				VALIDATE_PRODUCT = YES;
			};
			name = Release;
		};
		38088C962AB0869200558570 /* Debug */ = {
			isa = XCBuildConfiguration;
			buildSettings = {
				ASSETCATALOG_COMPILER_APPICON_NAME = AppIcon;
				ASSETCATALOG_COMPILER_GLOBAL_ACCENT_COLOR_NAME = AccentColor;
				CODE_SIGN_STYLE = Automatic;
				CURRENT_PROJECT_VERSION = 1;
				GENERATE_INFOPLIST_FILE = YES;
				INFOPLIST_FILE = ImageGallery/Info.plist;
				INFOPLIST_KEY_UIApplicationSupportsIndirectInputEvents = YES;
				INFOPLIST_KEY_UILaunchStoryboardName = LaunchScreen;
				INFOPLIST_KEY_UIMainStoryboardFile = Main;
				INFOPLIST_KEY_UISupportedInterfaceOrientations_iPad = "UIInterfaceOrientationPortrait UIInterfaceOrientationPortraitUpsideDown UIInterfaceOrientationLandscapeLeft UIInterfaceOrientationLandscapeRight";
				INFOPLIST_KEY_UISupportedInterfaceOrientations_iPhone = "UIInterfaceOrientationPortrait UIInterfaceOrientationLandscapeLeft UIInterfaceOrientationLandscapeRight";
				IPHONEOS_DEPLOYMENT_TARGET = 17.2;
				LD_RUNPATH_SEARCH_PATHS = (
					"$(inherited)",
					"@executable_path/Frameworks",
				);
				MARKETING_VERSION = 1.0;
				PRODUCT_BUNDLE_IDENTIFIER = Vosik.ImageGallery;
				PRODUCT_NAME = "$(TARGET_NAME)";
				SWIFT_EMIT_LOC_STRINGS = YES;
				SWIFT_VERSION = 5.0;
				TARGETED_DEVICE_FAMILY = "1,2";
			};
			name = Debug;
		};
		38088C972AB0869200558570 /* Release */ = {
			isa = XCBuildConfiguration;
			buildSettings = {
				ASSETCATALOG_COMPILER_APPICON_NAME = AppIcon;
				ASSETCATALOG_COMPILER_GLOBAL_ACCENT_COLOR_NAME = AccentColor;
				CODE_SIGN_STYLE = Automatic;
				CURRENT_PROJECT_VERSION = 1;
				GENERATE_INFOPLIST_FILE = YES;
				INFOPLIST_FILE = ImageGallery/Info.plist;
				INFOPLIST_KEY_UIApplicationSupportsIndirectInputEvents = YES;
				INFOPLIST_KEY_UILaunchStoryboardName = LaunchScreen;
				INFOPLIST_KEY_UIMainStoryboardFile = Main;
				INFOPLIST_KEY_UISupportedInterfaceOrientations_iPad = "UIInterfaceOrientationPortrait UIInterfaceOrientationPortraitUpsideDown UIInterfaceOrientationLandscapeLeft UIInterfaceOrientationLandscapeRight";
				INFOPLIST_KEY_UISupportedInterfaceOrientations_iPhone = "UIInterfaceOrientationPortrait UIInterfaceOrientationLandscapeLeft UIInterfaceOrientationLandscapeRight";
				IPHONEOS_DEPLOYMENT_TARGET = 17.2;
				LD_RUNPATH_SEARCH_PATHS = (
					"$(inherited)",
					"@executable_path/Frameworks",
				);
				MARKETING_VERSION = 1.0;
				PRODUCT_BUNDLE_IDENTIFIER = Vosik.ImageGallery;
				PRODUCT_NAME = "$(TARGET_NAME)";
				SWIFT_EMIT_LOC_STRINGS = YES;
				SWIFT_VERSION = 5.0;
				TARGETED_DEVICE_FAMILY = "1,2";
			};
			name = Release;
		};
/* End XCBuildConfiguration section */

/* Begin XCConfigurationList section */
		380254132B68674100356240 /* Build configuration list for PBXNativeTarget "ImageGalleryTests" */ = {
			isa = XCConfigurationList;
			buildConfigurations = (
				380254112B68674100356240 /* Debug */,
				380254122B68674100356240 /* Release */,
			);
			defaultConfigurationIsVisible = 0;
			defaultConfigurationName = Release;
		};
		38088C7C2AB0869000558570 /* Build configuration list for PBXProject "ImageGallery" */ = {
			isa = XCConfigurationList;
			buildConfigurations = (
				38088C932AB0869200558570 /* Debug */,
				38088C942AB0869200558570 /* Release */,
			);
			defaultConfigurationIsVisible = 0;
			defaultConfigurationName = Release;
		};
		38088C952AB0869200558570 /* Build configuration list for PBXNativeTarget "ImageGallery" */ = {
			isa = XCConfigurationList;
			buildConfigurations = (
				38088C962AB0869200558570 /* Debug */,
				38088C972AB0869200558570 /* Release */,
			);
			defaultConfigurationIsVisible = 0;
			defaultConfigurationName = Release;
		};
/* End XCConfigurationList section */
	};
	rootObject = 38088C792AB0869000558570 /* Project object */;
}
